{
  "name": "internationaltelephoneinput",
  "version": "1.0.0",
  "lockfileVersion": 2,
  "requires": true,
  "packages": {
    "": {
      "dependencies": {
        "intl-tel-input": "^17.0.16"
      }
    },
    "node_modules/intl-tel-input": {
      "version": "17.0.16",
      "resolved": "https://registry.npmjs.org/intl-tel-input/-/intl-tel-input-17.0.16.tgz",
      "integrity": "sha512-aDcfhkl+wf9NYYpvA2v40dPiNUZHLlORAaKogC85IwfN0v6B2jJtq+NyMd0GgM0MCAZp8N2dNG2oygz9pQVVaQ=="
    }
  },
  "dependencies": {
    "intl-tel-input": {
      "version": "17.0.16",
      "resolved": "https://registry.npmjs.org/intl-tel-input/-/intl-tel-input-17.0.16.tgz",
      "integrity": "sha512-aDcfhkl+wf9NYYpvA2v40dPiNUZHLlORAaKogC85IwfN0v6B2jJtq+NyMd0GgM0MCAZp8N2dNG2oygz9pQVVaQ=="
    }
  }
}
